
Microsoft Visual Studio Solution File, Format Version 11.00
# Visual Studio 2010
# SharpDevelop 5.0
Project("{FAE04EC0-301F-11D3-BF4B-00C04F79EFBC}") = "PhoneticCompareApp", "PhoneticCompareApp\PhoneticCompareApp.csproj", "{BEE3366E-4C04-4486-98BE-DA0132728D9E}"
EndProject
Project("{FAE04EC0-301F-11D3-BF4B-00C04F79EFBC}") = "PhoneticStringComparison", "PhoneticStringComparison\PhoneticStringComparison.csproj", "{043626E0-EBD3-4C02-B7E6-1050FF65C7B9}"
EndProject
Global
	GlobalSection(SolutionConfigurationPlatforms) = preSolution
		Debug|Any CPU = Debug|Any CPU
		Release|Any CPU = Release|Any CPU
	EndGlobalSection
	GlobalSection(ProjectConfigurationPlatforms) = postSolution
		{BEE3366E-4C04-4486-98BE-DA0132728D9E}.Debug|Any CPU.ActiveCfg = Debug|Any CPU
		{BEE3366E-4C04-4486-98BE-DA0132728D9E}.Debug|Any CPU.Build.0 = Debug|Any CPU
		{BEE3366E-4C04-4486-98BE-DA0132728D9E}.Release|Any CPU.ActiveCfg = Release|Any CPU
		{BEE3366E-4C04-4486-98BE-DA0132728D9E}.Release|Any CPU.Build.0 = Release|Any CPU
		{043626E0-EBD3-4C02-B7E6-1050FF65C7B9}.Debug|Any CPU.ActiveCfg = Debug|Any CPU
		{043626E0-EBD3-4C02-B7E6-1050FF65C7B9}.Debug|Any CPU.Build.0 = Debug|Any CPU
		{043626E0-EBD3-4C02-B7E6-1050FF65C7B9}.Release|Any CPU.ActiveCfg = Release|Any CPU
		{043626E0-EBD3-4C02-B7E6-1050FF65C7B9}.Release|Any CPU.Build.0 = Release|Any CPU
	EndGlobalSection
EndGlobal
